
Microsoft Visual Studio Solution File, Format Version 12.00
# Visual Studio Version 17
VisualStudioVersion = 17.12.35527.113 d17.12
MinimumVisualStudioVersion = 10.0.40219.1
Project("{FAE04EC0-301F-11D3-BF4B-00C04F79EFBC}") = "bookieAPI", "bookieAPI\bookieAPI.csproj", "{52A63ABA-249B-4C37-A1AB-C43165182E5F}"
EndProject
Project("{FAE04EC0-301F-11D3-BF4B-00C04F79EFBC}") = "BookieTests", "BookieTests\BookieTests.csproj", "{BBCBD995-0A32-4344-8747-D74F0AACD8F7}"
EndProject
Project("{FAE04EC0-301F-11D3-BF4B-00C04F79EFBC}") = "BookieOWIN", "BookieOWIN\BookieOWIN.csproj", "{9DBE7852-8BC8-4B22-84EC-6BBD58F62C8B}"
EndProject
Global
	GlobalSection(SolutionConfigurationPlatforms) = preSolution
		Debug|Any CPU = Debug|Any CPU
		Release|Any CPU = Release|Any CPU
	EndGlobalSection
	GlobalSection(ProjectConfigurationPlatforms) = postSolution
		{52A63ABA-249B-4C37-A1AB-C43165182E5F}.Debug|Any CPU.ActiveCfg = Debug|Any CPU
		{52A63ABA-249B-4C37-A1AB-C43165182E5F}.Debug|Any CPU.Build.0 = Debug|Any CPU
		{52A63ABA-249B-4C37-A1AB-C43165182E5F}.Release|Any CPU.ActiveCfg = Release|Any CPU
		{52A63ABA-249B-4C37-A1AB-C43165182E5F}.Release|Any CPU.Build.0 = Release|Any CPU
		{BBCBD995-0A32-4344-8747-D74F0AACD8F7}.Debug|Any CPU.ActiveCfg = Debug|Any CPU
		{BBCBD995-0A32-4344-8747-D74F0AACD8F7}.Debug|Any CPU.Build.0 = Debug|Any CPU
		{BBCBD995-0A32-4344-8747-D74F0AACD8F7}.Release|Any CPU.ActiveCfg = Release|Any CPU
		{BBCBD995-0A32-4344-8747-D74F0AACD8F7}.Release|Any CPU.Build.0 = Release|Any CPU
		{9DBE7852-8BC8-4B22-84EC-6BBD58F62C8B}.Debug|Any CPU.ActiveCfg = Debug|Any CPU
		{9DBE7852-8BC8-4B22-84EC-6BBD58F62C8B}.Debug|Any CPU.Build.0 = Debug|Any CPU
		{9DBE7852-8BC8-4B22-84EC-6BBD58F62C8B}.Release|Any CPU.ActiveCfg = Release|Any CPU
		{9DBE7852-8BC8-4B22-84EC-6BBD58F62C8B}.Release|Any CPU.Build.0 = Release|Any CPU
	EndGlobalSection
	GlobalSection(SolutionProperties) = preSolution
		HideSolutionNode = FALSE
	EndGlobalSection
	GlobalSection(ExtensibilityGlobals) = postSolution
		SolutionGuid = {CEABA93A-7158-4EE0-AD77-1275A69B519C}
	EndGlobalSection
EndGlobal
